
Microsoft Visual Studio Solution File, Format Version 12.00
# Visual Studio Version 17
VisualStudioVersion = 17.14.36310.24
MinimumVisualStudioVersion = 10.0.40219.1
Project("{FAE04EC0-301F-11D3-BF4B-00C04F79EFBC}") = "AlloyOptimisation.Domain", "AlloyOptimisation.Domain\AlloyOptimisation.Domain.csproj", "{B605F4A0-6378-4587-B16B-5D5FF0448EC1}"
EndProject
Project("{FAE04EC0-301F-11D3-BF4B-00C04F79EFBC}") = "AlloyOptimisation.Tests", "AlloyedOptimisation.Tests\AlloyOptimisation.Tests.csproj", "{06D7927B-8BFB-9197-C861-61BC637408F8}"
EndProject
Global
	GlobalSection(SolutionConfigurationPlatforms) = preSolution
		Debug|Any CPU = Debug|Any CPU
		Release|Any CPU = Release|Any CPU
	EndGlobalSection
	GlobalSection(ProjectConfigurationPlatforms) = postSolution
		{B605F4A0-6378-4587-B16B-5D5FF0448EC1}.Debug|Any CPU.ActiveCfg = Debug|Any CPU
		{B605F4A0-6378-4587-B16B-5D5FF0448EC1}.Debug|Any CPU.Build.0 = Debug|Any CPU
		{B605F4A0-6378-4587-B16B-5D5FF0448EC1}.Release|Any CPU.ActiveCfg = Release|Any CPU
		{B605F4A0-6378-4587-B16B-5D5FF0448EC1}.Release|Any CPU.Build.0 = Release|Any CPU
		{06D7927B-8BFB-9197-C861-61BC637408F8}.Debug|Any CPU.ActiveCfg = Debug|Any CPU
		{06D7927B-8BFB-9197-C861-61BC637408F8}.Debug|Any CPU.Build.0 = Debug|Any CPU
		{06D7927B-8BFB-9197-C861-61BC637408F8}.Release|Any CPU.ActiveCfg = Release|Any CPU
		{06D7927B-8BFB-9197-C861-61BC637408F8}.Release|Any CPU.Build.0 = Release|Any CPU
	EndGlobalSection
	GlobalSection(SolutionProperties) = preSolution
		HideSolutionNode = FALSE
	EndGlobalSection
	GlobalSection(ExtensibilityGlobals) = postSolution
		SolutionGuid = {9B3FFBEF-F006-4FF1-945C-CF68FC414410}
	EndGlobalSection
EndGlobal
